// !$*UTF8*$!
{
	archiveVersion = 1;
	classes = {
	};
	objectVersion = 50;
	objects = {

/* Begin PBXBuildFile section */
		3A01FD9A252C4B8600119D9C /* EmojiRatingView.swift in Sources */ = {isa = PBXBuildFile; fileRef = 3A01FD99252C4B8600119D9C /* EmojiRatingView.swift */; };
		3A41C5EB2528D3A700C80AE9 /* RatingView.swift in Sources */ = {isa = PBXBuildFile; fileRef = 3A41C5EA2528D3A700C80AE9 /* RatingView.swift */; };
		3A57A7DE25288FA100B29983 /* AddWineView.swift in Sources */ = {isa = PBXBuildFile; fileRef = 3A57A7DD25288FA100B29983 /* AddWineView.swift */; };
		3AA50E2B25275E6500FF83EE /* AppDelegate.swift in Sources */ = {isa = PBXBuildFile; fileRef = 3AA50E2A25275E6500FF83EE /* AppDelegate.swift */; };
		3AA50E2D25275E6500FF83EE /* SceneDelegate.swift in Sources */ = {isa = PBXBuildFile; fileRef = 3AA50E2C25275E6500FF83EE /* SceneDelegate.swift */; };
		3AA50E2F25275E6500FF83EE /* ContentView.swift in Sources */ = {isa = PBXBuildFile; fileRef = 3AA50E2E25275E6500FF83EE /* ContentView.swift */; };
		3AA50E3225275E6500FF83EE /* Liquid_Love.xcdatamodeld in Sources */ = {isa = PBXBuildFile; fileRef = 3AA50E3025275E6500FF83EE /* Liquid_Love.xcdatamodeld */; };
		3AA50E3425275E6500FF83EE /* Assets.xcassets in Resources */ = {isa = PBXBuildFile; fileRef = 3AA50E3325275E6500FF83EE /* Assets.xcassets */; };
		3AA50E3725275E6500FF83EE /* Preview Assets.xcassets in Resources */ = {isa = PBXBuildFile; fileRef = 3AA50E3625275E6500FF83EE /* Preview Assets.xcassets */; };
		3AA50E3A25275E6500FF83EE /* LaunchScreen.storyboard in Resources */ = {isa = PBXBuildFile; fileRef = 3AA50E3825275E6500FF83EE /* LaunchScreen.storyboard */; };
		3AA50E4525275E6500FF83EE /* Liquid_LoveTests.swift in Sources */ = {isa = PBXBuildFile; fileRef = 3AA50E4425275E6500FF83EE /* Liquid_LoveTests.swift */; };
		3AA50E5025275E6600FF83EE /* Liquid_LoveUITests.swift in Sources */ = {isa = PBXBuildFile; fileRef = 3AA50E4F25275E6600FF83EE /* Liquid_LoveUITests.swift */; };
/* End PBXBuildFile section */

/* Begin PBXContainerItemProxy section */
		3AA50E4125275E6500FF83EE /* PBXContainerItemProxy */ = {
			isa = PBXContainerItemProxy;
			containerPortal = 3AA50E1F25275E6500FF83EE /* Project object */;
			proxyType = 1;
			remoteGlobalIDString = 3AA50E2625275E6500FF83EE;
			remoteInfo = "Liquid Love";
		};
		3AA50E4C25275E6600FF83EE /* PBXContainerItemProxy */ = {
			isa = PBXContainerItemProxy;
			containerPortal = 3AA50E1F25275E6500FF83EE /* Project object */;
			proxyType = 1;
			remoteGlobalIDString = 3AA50E2625275E6500FF83EE;
			remoteInfo = "Liquid Love";
		};
/* End PBXContainerItemProxy section */

/* Begin PBXFileReference section */
		3A01FD99252C4B8600119D9C /* EmojiRatingView.swift */ = {isa = PBXFileReference; lastKnownFileType = sourcecode.swift; path = EmojiRatingView.swift; sourceTree = "<group>"; };
		3A41C5EA2528D3A700C80AE9 /* RatingView.swift */ = {isa = PBXFileReference; lastKnownFileType = sourcecode.swift; path = RatingView.swift; sourceTree = "<group>"; };
		3A57A7DD25288FA100B29983 /* AddWineView.swift */ = {isa = PBXFileReference; lastKnownFileType = sourcecode.swift; path = AddWineView.swift; sourceTree = "<group>"; };
		3AA50E2725275E6500FF83EE /* Liquid Love.app */ = {isa = PBXFileReference; explicitFileType = wrapper.application; includeInIndex = 0; path = "Liquid Love.app"; sourceTree = BUILT_PRODUCTS_DIR; };
		3AA50E2A25275E6500FF83EE /* AppDelegate.swift */ = {isa = PBXFileReference; lastKnownFileType = sourcecode.swift; path = AppDelegate.swift; sourceTree = "<group>"; };
		3AA50E2C25275E6500FF83EE /* SceneDelegate.swift */ = {isa = PBXFileReference; lastKnownFileType = sourcecode.swift; path = SceneDelegate.swift; sourceTree = "<group>"; };
		3AA50E2E25275E6500FF83EE /* ContentView.swift */ = {isa = PBXFileReference; lastKnownFileType = sourcecode.swift; path = ContentView.swift; sourceTree = "<group>"; };
		3AA50E3125275E6500FF83EE /* Liquid_Love.xcdatamodel */ = {isa = PBXFileReference; lastKnownFileType = wrapper.xcdatamodel; path = Liquid_Love.xcdatamodel; sourceTree = "<group>"; };
		3AA50E3325275E6500FF83EE /* Assets.xcassets */ = {isa = PBXFileReference; lastKnownFileType = folder.assetcatalog; path = Assets.xcassets; sourceTree = "<group>"; };
		3AA50E3625275E6500FF83EE /* Preview Assets.xcassets */ = {isa = PBXFileReference; lastKnownFileType = folder.assetcatalog; path = "Preview Assets.xcassets"; sourceTree = "<group>"; };
		3AA50E3925275E6500FF83EE /* Base */ = {isa = PBXFileReference; lastKnownFileType = file.storyboard; name = Base; path = Base.lproj/LaunchScreen.storyboard; sourceTree = "<group>"; };
		3AA50E3B25275E6500FF83EE /* Info.plist */ = {isa = PBXFileReference; lastKnownFileType = text.plist.xml; path = Info.plist; sourceTree = "<group>"; };
		3AA50E4025275E6500FF83EE /* Liquid LoveTests.xctest */ = {isa = PBXFileReference; explicitFileType = wrapper.cfbundle; includeInIndex = 0; path = "Liquid LoveTests.xctest"; sourceTree = BUILT_PRODUCTS_DIR; };
		3AA50E4425275E6500FF83EE /* Liquid_LoveTests.swift */ = {isa = PBXFileReference; lastKnownFileType = sourcecode.swift; path = Liquid_LoveTests.swift; sourceTree = "<group>"; };
		3AA50E4625275E6500FF83EE /* Info.plist */ = {isa = PBXFileReference; lastKnownFileType = text.plist.xml; path = Info.plist; sourceTree = "<group>"; };
		3AA50E4B25275E6600FF83EE /* Liquid LoveUITests.xctest */ = {isa = PBXFileReference; explicitFileType = wrapper.cfbundle; includeInIndex = 0; path = "Liquid LoveUITests.xctest"; sourceTree = BUILT_PRODUCTS_DIR; };
		3AA50E4F25275E6600FF83EE /* Liquid_LoveUITests.swift */ = {isa = PBXFileReference; lastKnownFileType = sourcecode.swift; path = Liquid_LoveUITests.swift; sourceTree = "<group>"; };
		3AA50E5125275E6600FF83EE /* Info.plist */ = {isa = PBXFileReference; lastKnownFileType = text.plist.xml; path = Info.plist; sourceTree = "<group>"; };
/* End PBXFileReference section */

/* Begin PBXFrameworksBuildPhase section */
		3AA50E2425275E6500FF83EE /* Frameworks */ = {
			isa = PBXFrameworksBuildPhase;
			buildActionMask = 2147483647;
			files = (
			);
			runOnlyForDeploymentPostprocessing = 0;
		};
		3AA50E3D25275E6500FF83EE /* Frameworks */ = {
			isa = PBXFrameworksBuildPhase;
			buildActionMask = 2147483647;
			files = (
			);
			runOnlyForDeploymentPostprocessing = 0;
		};
		3AA50E4825275E6600FF83EE /* Frameworks */ = {
			isa = PBXFrameworksBuildPhase;
			buildActionMask = 2147483647;
			files = (
			);
			runOnlyForDeploymentPostprocessing = 0;
		};
/* End PBXFrameworksBuildPhase section */

/* Begin PBXGroup section */
		3AA50E1E25275E6500FF83EE = {
			isa = PBXGroup;
			children = (
				3AA50E2925275E6500FF83EE /* Liquid Love */,
				3AA50E4325275E6500FF83EE /* Liquid LoveTests */,
				3AA50E4E25275E6600FF83EE /* Liquid LoveUITests */,
				3AA50E2825275E6500FF83EE /* Products */,
			);
			sourceTree = "<group>";
		};
		3AA50E2825275E6500FF83EE /* Products */ = {
			isa = PBXGroup;
			children = (
				3AA50E2725275E6500FF83EE /* Liquid Love.app */,
				3AA50E4025275E6500FF83EE /* Liquid LoveTests.xctest */,
				3AA50E4B25275E6600FF83EE /* Liquid LoveUITests.xctest */,
			);
			name = Products;
			sourceTree = "<group>";
		};
		3AA50E2925275E6500FF83EE /* Liquid Love */ = {
			isa = PBXGroup;
			children = (
				3AA50E2E25275E6500FF83EE /* ContentView.swift */,
				3A41C5EA2528D3A700C80AE9 /* RatingView.swift */,
				3AA50E2A25275E6500FF83EE /* AppDelegate.swift */,
				3A57A7DD25288FA100B29983 /* AddWineView.swift */,
				3A01FD99252C4B8600119D9C /* EmojiRatingView.swift */,
				3AA50E2C25275E6500FF83EE /* SceneDelegate.swift */,
				3AA50E3325275E6500FF83EE /* Assets.xcassets */,
				3AA50E3825275E6500FF83EE /* LaunchScreen.storyboard */,
				3AA50E3B25275E6500FF83EE /* Info.plist */,
				3AA50E3025275E6500FF83EE /* Liquid_Love.xcdatamodeld */,
				3AA50E3525275E6500FF83EE /* Preview Content */,
			);
			path = "Liquid Love";
			sourceTree = "<group>";
		};
		3AA50E3525275E6500FF83EE /* Preview Content */ = {
			isa = PBXGroup;
			children = (
				3AA50E3625275E6500FF83EE /* Preview Assets.xcassets */,
			);
			path = "Preview Content";
			sourceTree = "<group>";
		};
		3AA50E4325275E6500FF83EE /* Liquid LoveTests */ = {
			isa = PBXGroup;
			children = (
				3AA50E4425275E6500FF83EE /* Liquid_LoveTests.swift */,
				3AA50E4625275E6500FF83EE /* Info.plist */,
			);
			path = "Liquid LoveTests";
			sourceTree = "<group>";
		};
		3AA50E4E25275E6600FF83EE /* Liquid LoveUITests */ = {
			isa = PBXGroup;
			children = (
				3AA50E4F25275E6600FF83EE /* Liquid_LoveUITests.swift */,
				3AA50E5125275E6600FF83EE /* Info.plist */,
			);
			path = "Liquid LoveUITests";
			sourceTree = "<group>";
		};
/* End PBXGroup section */

/* Begin PBXNativeTarget section */
		3AA50E2625275E6500FF83EE /* Liquid Love */ = {
			isa = PBXNativeTarget;
			buildConfigurationList = 3AA50E5425275E6600FF83EE /* Build configuration list for PBXNativeTarget "Liquid Love" */;
			buildPhases = (
				3AA50E2325275E6500FF83EE /* Sources */,
				3AA50E2425275E6500FF83EE /* Frameworks */,
				3AA50E2525275E6500FF83EE /* Resources */,
			);
			buildRules = (
			);
			dependencies = (
			);
			name = "Liquid Love";
			productName = "Liquid Love";
			productReference = 3AA50E2725275E6500FF83EE /* Liquid Love.app */;
			productType = "com.apple.product-type.application";
		};
		3AA50E3F25275E6500FF83EE /* Liquid LoveTests */ = {
			isa = PBXNativeTarget;
			buildConfigurationList = 3AA50E5725275E6600FF83EE /* Build configuration list for PBXNativeTarget "Liquid LoveTests" */;
			buildPhases = (
				3AA50E3C25275E6500FF83EE /* Sources */,
				3AA50E3D25275E6500FF83EE /* Frameworks */,
				3AA50E3E25275E6500FF83EE /* Resources */,
			);
			buildRules = (
			);
			dependencies = (
				3AA50E4225275E6500FF83EE /* PBXTargetDependency */,
			);
			name = "Liquid LoveTests";
			productName = "Liquid LoveTests";
			productReference = 3AA50E4025275E6500FF83EE /* Liquid LoveTests.xctest */;
			productType = "com.apple.product-type.bundle.unit-test";
		};
		3AA50E4A25275E6600FF83EE /* Liquid LoveUITests */ = {
			isa = PBXNativeTarget;
			buildConfigurationList = 3AA50E5A25275E6600FF83EE /* Build configuration list for PBXNativeTarget "Liquid LoveUITests" */;
			buildPhases = (
				3AA50E4725275E6600FF83EE /* Sources */,
				3AA50E4825275E6600FF83EE /* Frameworks */,
				3AA50E4925275E6600FF83EE /* Resources */,
			);
			buildRules = (
			);
			dependencies = (
				3AA50E4D25275E6600FF83EE /* PBXTargetDependency */,
			);
			name = "Liquid LoveUITests";
			productName = "Liquid LoveUITests";
			productReference = 3AA50E4B25275E6600FF83EE /* Liquid LoveUITests.xctest */;
			productType = "com.apple.product-type.bundle.ui-testing";
		};
/* End PBXNativeTarget section */

/* Begin PBXProject section */
		3AA50E1F25275E6500FF83EE /* Project object */ = {
			isa = PBXProject;
			attributes = {
				LastSwiftUpdateCheck = 1200;
				LastUpgradeCheck = 1200;
				TargetAttributes = {
					3AA50E2625275E6500FF83EE = {
						CreatedOnToolsVersion = 12.0;
					};
					3AA50E3F25275E6500FF83EE = {
						CreatedOnToolsVersion = 12.0;
						TestTargetID = 3AA50E2625275E6500FF83EE;
					};
					3AA50E4A25275E6600FF83EE = {
						CreatedOnToolsVersion = 12.0;
						TestTargetID = 3AA50E2625275E6500FF83EE;
					};
				};
			};
			buildConfigurationList = 3AA50E2225275E6500FF83EE /* Build configuration list for PBXProject "Liquid Love" */;
			compatibilityVersion = "Xcode 9.3";
			developmentRegion = en;
			hasScannedForEncodings = 0;
			knownRegions = (
				en,
				Base,
			);
			mainGroup = 3AA50E1E25275E6500FF83EE;
			productRefGroup = 3AA50E2825275E6500FF83EE /* Products */;
			projectDirPath = "";
			projectRoot = "";
			targets = (
				3AA50E2625275E6500FF83EE /* Liquid Love */,
				3AA50E3F25275E6500FF83EE /* Liquid LoveTests */,
				3AA50E4A25275E6600FF83EE /* Liquid LoveUITests */,
			);
		};
/* End PBXProject section */

/* Begin PBXResourcesBuildPhase section */
		3AA50E2525275E6500FF83EE /* Resources */ = {
			isa = PBXResourcesBuildPhase;
			buildActionMask = 2147483647;
			files = (
				3AA50E3A25275E6500FF83EE /* LaunchScreen.storyboard in Resources */,
				3AA50E3725275E6500FF83EE /* Preview Assets.xcassets in Resources */,
				3AA50E3425275E6500FF83EE /* Assets.xcassets in Resources */,
			);
			runOnlyForDeploymentPostprocessing = 0;
		};
		3AA50E3E25275E6500FF83EE /* Resources */ = {
			isa = PBXResourcesBuildPhase;
			buildActionMask = 2147483647;
			files = (
			);
			runOnlyForDeploymentPostprocessing = 0;
		};
		3AA50E4925275E6600FF83EE /* Resources */ = {
			isa = PBXResourcesBuildPhase;
			buildActionMask = 2147483647;
			files = (
			);
			runOnlyForDeploymentPostprocessing = 0;
		};
/* End PBXResourcesBuildPhase section */

/* Begin PBXSourcesBuildPhase section */
		3AA50E2325275E6500FF83EE /* Sources */ = {
			isa = PBXSourcesBuildPhase;
			buildActionMask = 2147483647;
			files = (
				3A57A7DE25288FA100B29983 /* AddWineView.swift in Sources */,
				3AA50E2B25275E6500FF83EE /* AppDelegate.swift in Sources */,
				3A01FD9A252C4B8600119D9C /* EmojiRatingView.swift in Sources */,
				3AA50E3225275E6500FF83EE /* Liquid_Love.xcdatamodeld in Sources */,
				3A41C5EB2528D3A700C80AE9 /* RatingView.swift in Sources */,
				3AA50E2D25275E6500FF83EE /* SceneDelegate.swift in Sources */,
				3AA50E2F25275E6500FF83EE /* ContentView.swift in Sources */,
			);
			runOnlyForDeploymentPostprocessing = 0;
		};
		3AA50E3C25275E6500FF83EE /* Sources */ = {
			isa = PBXSourcesBuildPhase;
			buildActionMask = 2147483647;
			files = (
				3AA50E4525275E6500FF83EE /* Liquid_LoveTests.swift in Sources */,
			);
			runOnlyForDeploymentPostprocessing = 0;
		};
		3AA50E4725275E6600FF83EE /* Sources */ = {
			isa = PBXSourcesBuildPhase;
			buildActionMask = 2147483647;
			files = (
				3AA50E5025275E6600FF83EE /* Liquid_LoveUITests.swift in Sources */,
			);
			runOnlyForDeploymentPostprocessing = 0;
		};
/* End PBXSourcesBuildPhase section */

/* Begin PBXTargetDependency section */
		3AA50E4225275E6500FF83EE /* PBXTargetDependency */ = {
			isa = PBXTargetDependency;
			target = 3AA50E2625275E6500FF83EE /* Liquid Love */;
			targetProxy = 3AA50E4125275E6500FF83EE /* PBXContainerItemProxy */;
		};
		3AA50E4D25275E6600FF83EE /* PBXTargetDependency */ = {
			isa = PBXTargetDependency;
			target = 3AA50E2625275E6500FF83EE /* Liquid Love */;
			targetProxy = 3AA50E4C25275E6600FF83EE /* PBXContainerItemProxy */;
		};
/* End PBXTargetDependency section */

/* Begin PBXVariantGroup section */
		3AA50E3825275E6500FF83EE /* LaunchScreen.storyboard */ = {
			isa = PBXVariantGroup;
			children = (
				3AA50E3925275E6500FF83EE /* Base */,
			);
			name = LaunchScreen.storyboard;
			sourceTree = "<group>";
		};
/* End PBXVariantGroup section */

/* Begin XCBuildConfiguration section */
		3AA50E5225275E6600FF83EE /* Debug */ = {
			isa = XCBuildConfiguration;
			buildSettings = {
				ALWAYS_SEARCH_USER_PATHS = NO;
				CLANG_ANALYZER_NONNULL = YES;
				CLANG_ANALYZER_NUMBER_OBJECT_CONVERSION = YES_AGGRESSIVE;
				CLANG_CXX_LANGUAGE_STANDARD = "gnu++14";
				CLANG_CXX_LIBRARY = "libc++";
				CLANG_ENABLE_MODULES = YES;
				CLANG_ENABLE_OBJC_ARC = YES;
				CLANG_ENABLE_OBJC_WEAK = YES;
				CLANG_WARN_BLOCK_CAPTURE_AUTORELEASING = YES;
				CLANG_WARN_BOOL_CONVERSION = YES;
				CLANG_WARN_COMMA = YES;
				CLANG_WARN_CONSTANT_CONVERSION = YES;
				CLANG_WARN_DEPRECATED_OBJC_IMPLEMENTATIONS = YES;
				CLANG_WARN_DIRECT_OBJC_ISA_USAGE = YES_ERROR;
				CLANG_WARN_DOCUMENTATION_COMMENTS = YES;
				CLANG_WARN_EMPTY_BODY = YES;
				CLANG_WARN_ENUM_CONVERSION = YES;
				CLANG_WARN_INFINITE_RECURSION = YES;
				CLANG_WARN_INT_CONVERSION = YES;
				CLANG_WARN_NON_LITERAL_NULL_CONVERSION = YES;
				CLANG_WARN_OBJC_IMPLICIT_RETAIN_SELF = YES;
				CLANG_WARN_OBJC_LITERAL_CONVERSION = YES;
				CLANG_WARN_OBJC_ROOT_CLASS = YES_ERROR;
				CLANG_WARN_QUOTED_INCLUDE_IN_FRAMEWORK_HEADER = YES;
				CLANG_WARN_RANGE_LOOP_ANALYSIS = YES;
				CLANG_WARN_STRICT_PROTOTYPES = YES;
				CLANG_WARN_SUSPICIOUS_MOVE = YES;
				CLANG_WARN_UNGUARDED_AVAILABILITY = YES_AGGRESSIVE;
				CLANG_WARN_UNREACHABLE_CODE = YES;
				CLANG_WARN__DUPLICATE_METHOD_MATCH = YES;
				COPY_PHASE_STRIP = NO;
				DEBUG_INFORMATION_FORMAT = dwarf;
				ENABLE_STRICT_OBJC_MSGSEND = YES;
				ENABLE_TESTABILITY = YES;
				GCC_C_LANGUAGE_STANDARD = gnu11;
				GCC_DYNAMIC_NO_PIC = NO;
				GCC_NO_COMMON_BLOCKS = YES;
				GCC_OPTIMIZATION_LEVEL = 0;
				GCC_PREPROCESSOR_DEFINITIONS = (
					"DEBUG=1",
					"$(inherited)",
				);
				GCC_WARN_64_TO_32_BIT_CONVERSION = YES;
				GCC_WARN_ABOUT_RETURN_TYPE = YES_ERROR;
				GCC_WARN_UNDECLARED_SELECTOR = YES;
				GCC_WARN_UNINITIALIZED_AUTOS = YES_AGGRESSIVE;
				GCC_WARN_UNUSED_FUNCTION = YES;
				GCC_WARN_UNUSED_VARIABLE = YES;
				IPHONEOS_DEPLOYMENT_TARGET = 14.0;
				MTL_ENABLE_DEBUG_INFO = INCLUDE_SOURCE;
				MTL_FAST_MATH = YES;
				ONLY_ACTIVE_ARCH = YES;
				SDKROOT = iphoneos;
				SWIFT_ACTIVE_COMPILATION_CONDITIONS = DEBUG;
				SWIFT_OPTIMIZATION_LEVEL = "-Onone";
			};
			name = Debug;
		};
		3AA50E5325275E6600FF83EE /* Release */ = {
			isa = XCBuildConfiguration;
			buildSettings = {
				ALWAYS_SEARCH_USER_PATHS = NO;
				CLANG_ANALYZER_NONNULL = YES;
				CLANG_ANALYZER_NUMBER_OBJECT_CONVERSION = YES_AGGRESSIVE;
				CLANG_CXX_LANGUAGE_STANDARD = "gnu++14";
				CLANG_CXX_LIBRARY = "libc++";
				CLANG_ENABLE_MODULES = YES;
				CLANG_ENABLE_OBJC_ARC = YES;
				CLANG_ENABLE_OBJC_WEAK = YES;
				CLANG_WARN_BLOCK_CAPTURE_AUTORELEASING = YES;
				CLANG_WARN_BOOL_CONVERSION = YES;
				CLANG_WARN_COMMA = YES;
				CLANG_WARN_CONSTANT_CONVERSION = YES;
				CLANG_WARN_DEPRECATED_OBJC_IMPLEMENTATIONS = YES;
				CLANG_WARN_DIRECT_OBJC_ISA_USAGE = YES_ERROR;
				CLANG_WARN_DOCUMENTATION_COMMENTS = YES;
				CLANG_WARN_EMPTY_BODY = YES;
				CLANG_WARN_ENUM_CONVERSION = YES;
				CLANG_WARN_INFINITE_RECURSION = YES;
				CLANG_WARN_INT_CONVERSION = YES;
				CLANG_WARN_NON_LITERAL_NULL_CONVERSION = YES;
				CLANG_WARN_OBJC_IMPLICIT_RETAIN_SELF = YES;
				CLANG_WARN_OBJC_LITERAL_CONVERSION = YES;
				CLANG_WARN_OBJC_ROOT_CLASS = YES_ERROR;
				CLANG_WARN_QUOTED_INCLUDE_IN_FRAMEWORK_HEADER = YES;
				CLANG_WARN_RANGE_LOOP_ANALYSIS = YES;
				CLANG_WARN_STRICT_PROTOTYPES = YES;
				CLANG_WARN_SUSPICIOUS_MOVE = YES;
				CLANG_WARN_UNGUARDED_AVAILABILITY = YES_AGGRESSIVE;
				CLANG_WARN_UNREACHABLE_CODE = YES;
				CLANG_WARN__DUPLICATE_METHOD_MATCH = YES;
				COPY_PHASE_STRIP = NO;
				DEBUG_INFORMATION_FORMAT = "dwarf-with-dsym";
				ENABLE_NS_ASSERTIONS = NO;
				ENABLE_STRICT_OBJC_MSGSEND = YES;
				GCC_C_LANGUAGE_STANDARD = gnu11;
				GCC_NO_COMMON_BLOCKS = YES;
				GCC_WARN_64_TO_32_BIT_CONVERSION = YES;
				GCC_WARN_ABOUT_RETURN_TYPE = YES_ERROR;
				GCC_WARN_UNDECLARED_SELECTOR = YES;
				GCC_WARN_UNINITIALIZED_AUTOS = YES_AGGRESSIVE;
				GCC_WARN_UNUSED_FUNCTION = YES;
				GCC_WARN_UNUSED_VARIABLE = YES;
				IPHONEOS_DEPLOYMENT_TARGET = 14.0;
				MTL_ENABLE_DEBUG_INFO = NO;
				MTL_FAST_MATH = YES;
				SDKROOT = iphoneos;
				SWIFT_COMPILATION_MODE = wholemodule;
				SWIFT_OPTIMIZATION_LEVEL = "-O";
				VALIDATE_PRODUCT = YES;
			};
			name = Release;
		};
		3AA50E5525275E6600FF83EE /* Debug */ = {
			isa = XCBuildConfiguration;
			buildSettings = {
				ASSETCATALOG_COMPILER_APPICON_NAME = AppIcon;
				ASSETCATALOG_COMPILER_GLOBAL_ACCENT_COLOR_NAME = AccentColor;
				CODE_SIGN_STYLE = Automatic;
				DEVELOPMENT_ASSET_PATHS = "\"Liquid Love/Preview Content\"";
				DEVELOPMENT_TEAM = 2J59QZU6T2;
				ENABLE_PREVIEWS = YES;
				INFOPLIST_FILE = "Liquid Love/Info.plist";
				LD_RUNPATH_SEARCH_PATHS = (
					"$(inherited)",
					"@executable_path/Frameworks",
				);
				PRODUCT_BUNDLE_IDENTIFIER = "adrianhaeske.Liquid-Love";
				PRODUCT_NAME = "$(TARGET_NAME)";
				SWIFT_VERSION = 5.0;
				TARGETED_DEVICE_FAMILY = "1,2";
			};
			name = Debug;
		};
		3AA50E5625275E6600FF83EE /* Release */ = {
			isa = XCBuildConfiguration;
			buildSettings = {
				ASSETCATALOG_COMPILER_APPICON_NAME = AppIcon;
				ASSETCATALOG_COMPILER_GLOBAL_ACCENT_COLOR_NAME = AccentColor;
				CODE_SIGN_STYLE = Automatic;
				DEVELOPMENT_ASSET_PATHS = "\"Liquid Love/Preview Content\"";
				DEVELOPMENT_TEAM = 2J59QZU6T2;
				ENABLE_PREVIEWS = YES;
				INFOPLIST_FILE = "Liquid Love/Info.plist";
				LD_RUNPATH_SEARCH_PATHS = (
					"$(inherited)",
					"@executable_path/Frameworks",
				);
				PRODUCT_BUNDLE_IDENTIFIER = "adrianhaeske.Liquid-Love";
				PRODUCT_NAME = "$(TARGET_NAME)";
				SWIFT_VERSION = 5.0;
				TARGETED_DEVICE_FAMILY = "1,2";
			};
			name = Release;
		};
		3AA50E5825275E6600FF83EE /* Debug */ = {
			isa = XCBuildConfiguration;
			buildSettings = {
				ALWAYS_EMBED_SWIFT_STANDARD_LIBRARIES = YES;
				BUNDLE_LOADER = "$(TEST_HOST)";
				CODE_SIGN_STYLE = Automatic;
				DEVELOPMENT_TEAM = 2J59QZU6T2;
				INFOPLIST_FILE = "Liquid LoveTests/Info.plist";
				IPHONEOS_DEPLOYMENT_TARGET = 14.0;
				LD_RUNPATH_SEARCH_PATHS = (
					"$(inherited)",
					"@executable_path/Frameworks",
					"@loader_path/Frameworks",
				);
				PRODUCT_BUNDLE_IDENTIFIER = "adrianhaeske.Liquid-LoveTests";
				PRODUCT_NAME = "$(TARGET_NAME)";
				SWIFT_VERSION = 5.0;
				TARGETED_DEVICE_FAMILY = "1,2";
				TEST_HOST = "$(BUILT_PRODUCTS_DIR)/Liquid Love.app/Liquid Love";
			};
			name = Debug;
		};
		3AA50E5925275E6600FF83EE /* Release */ = {
			isa = XCBuildConfiguration;
			buildSettings = {
				ALWAYS_EMBED_SWIFT_STANDARD_LIBRARIES = YES;
				BUNDLE_LOADER = "$(TEST_HOST)";
				CODE_SIGN_STYLE = Automatic;
				DEVELOPMENT_TEAM = 2J59QZU6T2;
				INFOPLIST_FILE = "Liquid LoveTests/Info.plist";
				IPHONEOS_DEPLOYMENT_TARGET = 14.0;
				LD_RUNPATH_SEARCH_PATHS = (
					"$(inherited)",
					"@executable_path/Frameworks",
					"@loader_path/Frameworks",
				);
				PRODUCT_BUNDLE_IDENTIFIER = "adrianhaeske.Liquid-LoveTests";
				PRODUCT_NAME = "$(TARGET_NAME)";
				SWIFT_VERSION = 5.0;
				TARGETED_DEVICE_FAMILY = "1,2";
				TEST_HOST = "$(BUILT_PRODUCTS_DIR)/Liquid Love.app/Liquid Love";
			};
			name = Release;
		};
		3AA50E5B25275E6600FF83EE /* Debug */ = {
			isa = XCBuildConfiguration;
			buildSettings = {
				ALWAYS_EMBED_SWIFT_STANDARD_LIBRARIES = YES;
				CODE_SIGN_STYLE = Automatic;
				DEVELOPMENT_TEAM = 2J59QZU6T2;
				INFOPLIST_FILE = "Liquid LoveUITests/Info.plist";
				LD_RUNPATH_SEARCH_PATHS = (
					"$(inherited)",
					"@executable_path/Frameworks",
					"@loader_path/Frameworks",
				);
				PRODUCT_BUNDLE_IDENTIFIER = "adrianhaeske.Liquid-LoveUITests";
				PRODUCT_NAME = "$(TARGET_NAME)";
				SWIFT_VERSION = 5.0;
				TARGETED_DEVICE_FAMILY = "1,2";
				TEST_TARGET_NAME = "Liquid Love";
			};
			name = Debug;
		};
		3AA50E5C25275E6600FF83EE /* Release */ = {
			isa = XCBuildConfiguration;
			buildSettings = {
				ALWAYS_EMBED_SWIFT_STANDARD_LIBRARIES = YES;
				CODE_SIGN_STYLE = Automatic;
				DEVELOPMENT_TEAM = 2J59QZU6T2;
				INFOPLIST_FILE = "Liquid LoveUITests/Info.plist";
				LD_RUNPATH_SEARCH_PATHS = (
					"$(inherited)",
					"@executable_path/Frameworks",
					"@loader_path/Frameworks",
				);
				PRODUCT_BUNDLE_IDENTIFIER = "adrianhaeske.Liquid-LoveUITests";
				PRODUCT_NAME = "$(TARGET_NAME)";
				SWIFT_VERSION = 5.0;
				TARGETED_DEVICE_FAMILY = "1,2";
				TEST_TARGET_NAME = "Liquid Love";
			};
			name = Release;
		};
/* End XCBuildConfiguration section */

/* Begin XCConfigurationList section */
		3AA50E2225275E6500FF83EE /* Build configuration list for PBXProject "Liquid Love" */ = {
			isa = XCConfigurationList;
			buildConfigurations = (
				3AA50E5225275E6600FF83EE /* Debug */,
				3AA50E5325275E6600FF83EE /* Release */,
			);
			defaultConfigurationIsVisible = 0;
			defaultConfigurationName = Release;
		};
		3AA50E5425275E6600FF83EE /* Build configuration list for PBXNativeTarget "Liquid Love" */ = {
			isa = XCConfigurationList;
			buildConfigurations = (
				3AA50E5525275E6600FF83EE /* Debug */,
				3AA50E5625275E6600FF83EE /* Release */,
			);
			defaultConfigurationIsVisible = 0;
			defaultConfigurationName = Release;
		};
		3AA50E5725275E6600FF83EE /* Build configuration list for PBXNativeTarget "Liquid LoveTests" */ = {
			isa = XCConfigurationList;
			buildConfigurations = (
				3AA50E5825275E6600FF83EE /* Debug */,
				3AA50E5925275E6600FF83EE /* Release */,
			);
			defaultConfigurationIsVisible = 0;
			defaultConfigurationName = Release;
		};
		3AA50E5A25275E6600FF83EE /* Build configuration list for PBXNativeTarget "Liquid LoveUITests" */ = {
			isa = XCConfigurationList;
			buildConfigurations = (
				3AA50E5B25275E6600FF83EE /* Debug */,
				3AA50E5C25275E6600FF83EE /* Release */,
			);
			defaultConfigurationIsVisible = 0;
			defaultConfigurationName = Release;
		};
/* End XCConfigurationList section */

/* Begin XCVersionGroup section */
		3AA50E3025275E6500FF83EE /* Liquid_Love.xcdatamodeld */ = {
			isa = XCVersionGroup;
			children = (
				3AA50E3125275E6500FF83EE /* Liquid_Love.xcdatamodel */,
			);
			currentVersion = 3AA50E3125275E6500FF83EE /* Liquid_Love.xcdatamodel */;
			path = Liquid_Love.xcdatamodeld;
			sourceTree = "<group>";
			versionGroupType = wrapper.xcdatamodel;
		};
/* End XCVersionGroup section */
	};
	rootObject = 3AA50E1F25275E6500FF83EE /* Project object */;
}
